
Microsoft Visual Studio Solution File, Format Version 12.00
# Visual Studio Version 17
VisualStudioVersion = 17.5.002.0
MinimumVisualStudioVersion = 10.0.40219.1
Project("{9A19103F-16F7-4668-BE54-9A1E7A4F7556}") = "api", "api\api.csproj", "{AB58D040-91A1-46A4-AED6-52302C82A884}"
EndProject
Global
	GlobalSection(SolutionConfigurationPlatforms) = preSolution
		Debug|Any CPU = Debug|Any CPU
		Release|Any CPU = Release|Any CPU
	EndGlobalSection
	GlobalSection(ProjectConfigurationPlatforms) = postSolution
		{AB58D040-91A1-46A4-AED6-52302C82A884}.Debug|Any CPU.ActiveCfg = Debug|Any CPU
		{AB58D040-91A1-46A4-AED6-52302C82A884}.Debug|Any CPU.Build.0 = Debug|Any CPU
		{AB58D040-91A1-46A4-AED6-52302C82A884}.Release|Any CPU.ActiveCfg = Release|Any CPU
		{AB58D040-91A1-46A4-AED6-52302C82A884}.Release|Any CPU.Build.0 = Release|Any CPU
	EndGlobalSection
	GlobalSection(SolutionProperties) = preSolution
		HideSolutionNode = FALSE
	EndGlobalSection
	GlobalSection(ExtensibilityGlobals) = postSolution
		SolutionGuid = {795FB418-0350-437C-900B-F1B131F2CFFF}
	EndGlobalSection
EndGlobal
